PODS:
  - AFNetworking (3.2.1):
    - AFNetworking/NSURLSession (= 3.2.1)
    - AFNetworking/Reachability (= 3.2.1)
    - AFNetworking/Security (= 3.2.1)
    - AFNetworking/Serialization (= 3.2.1)
    - AFNetworking/UIKit (= 3.2.1)
  - AFNetworking/NSURLSession (3.2.1):
    - AFNetworking/Reachability
    - AFNetworking/Security
    - AFNetworking/Serialization
  - AFNetworking/Reachability (3.2.1)
  - AFNetworking/Security (3.2.1)
  - AFNetworking/Serialization (3.2.1)
  - AFNetworking/UIKit (3.2.1):
    - AFNetworking/NSURLSession
  - LGAlertHUD (1.0.5):
    - LGAlertHUD/AlertView (= 1.0.5)
    - Masonry
    - YJExtensions
  - LGAlertHUD/AlertView (1.0.5):
    - Masonry
    - YJExtensions
  - Masonry (1.1.0)
  - Reachability (3.2)
  - TFHpple (2.0.0)
  - YJExtensions (1.1.0):
    - YJExtensions/Foundation (= 1.1.0)
    - YJExtensions/UIKit (= 1.1.0)
  - YJExtensions/Foundation (1.1.0):
    - TFHpple
  - YJExtensions/UIKit (1.1.0):
    - YJExtensions/Foundation
  - YJNetManager (1.0.5):
    - AFNetworking
    - Reachability
    - YJExtensions
  - YJTaskMark (1.0.7):
    - YJTaskMark/kuyou (= 1.0.7)
    - YJTaskMark/Util (= 1.0.7)
  - YJTaskMark/kuyou (1.0.7)
  - YJTaskMark/Util (1.0.7):
    - LGAlertHUD
    - YJExtensions
    - YJNetManager
    - YJTaskMark/kuyou

DEPENDENCIES:
  - YJTaskMark (from `../`)

SPEC REPOS:
  https://github.com/cocoapods/specs.git:
    - AFNetworking
    - LGAlertHUD
    - Masonry
    - Reachability
    - TFHpple
    - YJExtensions
    - YJNetManager

EXTERNAL SOURCES:
  YJTaskMark:
    :path: "../"

SPEC CHECKSUMS:
  AFNetworking: b6f891fdfaed196b46c7a83cf209e09697b94057
  LGAlertHUD: a3ad8dc6ba68a76aa3a44ea8aff36a6340b9396f
  Masonry: 678fab65091a9290e40e2832a55e7ab731aad201
  Reachability: 33e18b67625424e47b6cde6d202dce689ad7af96
  TFHpple: a916fe0799eb30aa29b2670d14d5868cdd3a5b81
  YJExtensions: f9d60e5a4d53a044a67befe45b996f66bfdaec9d
  YJNetManager: 0f585c690240e050b225de1dd543c148be70fe5b
  YJTaskMark: 7e5c60d43e638bf478636066856f22ddca473861

PODFILE CHECKSUM: d583c556103018c17b71810568bf08a1997b9276

COCOAPODS: 1.7.0.beta.3
