PODS:
  - AFNetworking (3.2.1):
    - AFNetworking/NSURLSession (= 3.2.1)
    - AFNetworking/Reachability (= 3.2.1)
    - AFNetworking/Security (= 3.2.1)
    - AFNetworking/Serialization (= 3.2.1)
    - AFNetworking/UIKit (= 3.2.1)
  - AFNetworking/NSURLSession (3.2.1):
    - AFNetworking/Reachability
    - AFNetworking/Security
    - AFNetworking/Serialization
  - AFNetworking/Reachability (3.2.1)
  - AFNetworking/Security (3.2.1)
  - AFNetworking/Serialization (3.2.1)
  - AFNetworking/UIKit (3.2.1):
    - AFNetworking/NSURLSession
  - LGAlertHUD (1.1.4):
    - LGAlertHUD/AlertView (= 1.1.4)
    - LGAlertHUD/AnswerAlertView (= 1.1.4)
    - LGAlertHUD/YJSheetView (= 1.1.4)
    - Masonry
    - YJExtensions
  - LGAlertHUD/AlertView (1.1.4):
    - Masonry
    - YJExtensions
  - LGAlertHUD/AnswerAlertView (1.1.4):
    - Masonry
    - YJExtensions
  - LGAlertHUD/YJSheetView (1.1.4):
    - Masonry
    - YJExtensions
  - LGLog (1.0.2):
    - LGLog/LGLogManager (= 1.0.2)
    - LGLog/YJCocoaLumberjack (= 1.0.2)
  - LGLog/LGLogManager (1.0.2):
    - LGLog/YJCocoaLumberjack
  - LGLog/YJCocoaLumberjack (1.0.2)
  - Masonry (1.1.0)
  - MJExtension (3.2.2)
  - Reachability (3.2)
  - SingSoundSDK (0.6.1)
  - YJExtensions (1.2.9):
    - YJExtensions/Foundation (= 1.2.9)
    - YJExtensions/UIKit (= 1.2.9)
    - YJExtensions/YJEGumbo (= 1.2.9)
    - YJExtensions/YJEHpple (= 1.2.9)
  - YJExtensions/Foundation (1.2.9):
    - YJExtensions/YJEHpple
  - YJExtensions/UIKit (1.2.9):
    - YJExtensions/Foundation
  - YJExtensions/YJEGumbo (1.2.9):
    - YJExtensions/YJEGumbo/src (= 1.2.9)
  - YJExtensions/YJEGumbo/src (1.2.9)
  - YJExtensions/YJEHpple (1.2.9)
  - YJNetManager (1.2.2):
    - AFNetworking
    - LGLog
    - Reachability
    - YJExtensions
  - YJTaskMark (2.0):
    - LGAlertHUD
    - MJExtension
    - SingSoundSDK
    - YJExtensions
    - YJNetManager

DEPENDENCIES:
  - YJTaskMark (from `../`)

SPEC REPOS:
  https://pt.singsound.com:10081/singsound-public/SingSoundSDKCocoaPodRepo.git:
    - SingSoundSDK
  trunk:
    - AFNetworking
    - LGAlertHUD
    - LGLog
    - Masonry
    - MJExtension
    - Reachability
    - YJExtensions
    - YJNetManager

EXTERNAL SOURCES:
  YJTaskMark:
    :path: "../"

SPEC CHECKSUMS:
  AFNetworking: b6f891fdfaed196b46c7a83cf209e09697b94057
  LGAlertHUD: d85ccbabb15c09cca6e96850caf30a9fdf23dc48
  LGLog: a58e542c6c99755d1b8eca492b2acf70a3115731
  Masonry: 678fab65091a9290e40e2832a55e7ab731aad201
  MJExtension: d9b9c74cbdeb724c1e9ecbb157b318276e62e876
  Reachability: 33e18b67625424e47b6cde6d202dce689ad7af96
  SingSoundSDK: f839d2022b134e800e5d3e06c6a5f1aa63db2562
  YJExtensions: b02c849ffe62650cec815854c9362031d3034650
  YJNetManager: 2de45698355adda77563015b1bf884d468a688db
  YJTaskMark: 37ad5d8a8f97cddc178ee0b70af74fa3aad635f7

PODFILE CHECKSUM: 4667774dd1fe9cef72af6b225c434f1becb1c312

COCOAPODS: 1.9.2
